PODS:
  - Expecta (0.3.1)
  - PajdegCore (0.1.0)
  - Specta (0.2.1)

DEPENDENCIES:
  - Expecta
  - PajdegCore (from `../`)
  - Specta (~> 0.2.1)

EXTERNAL SOURCES:
  PajdegCore:
    :path: ../

SPEC CHECKSUMS:
  Expecta: 03aabd0a89d8dea843baecb19a7fd7466a69a31d
  PajdegCore: 220c9343cc9725eabdb5dcfa88207e56d66ee4cf
  Specta: 9141310f46b1f68b676650ff2854e1ed0b74163a

COCOAPODS: 0.34.4
