// !$*UTF8*$!
{
	archiveVersion = 1;
	classes = {
	};
	objectVersion = 46;
	objects = {

/* Begin PBXBuildFile section */
		6003F58E195388D20070C39A /* Foundation.framework in Frameworks */ = {isa = PBXBuildFile; fileRef = 6003F58D195388D20070C39A /* Foundation.framework */; };
		6003F590195388D20070C39A /* CoreGraphics.framework in Frameworks */ = {isa = PBXBuildFile; fileRef = 6003F58F195388D20070C39A /* CoreGraphics.framework */; };
		6003F592195388D20070C39A /* UIKit.framework in Frameworks */ = {isa = PBXBuildFile; fileRef = 6003F591195388D20070C39A /* UIKit.framework */; };
		6003F598195388D20070C39A /* InfoPlist.strings in Resources */ = {isa = PBXBuildFile; fileRef = 6003F596195388D20070C39A /* InfoPlist.strings */; };
		6003F59A195388D20070C39A /* main.m in Sources */ = {isa = PBXBuildFile; fileRef = 6003F599195388D20070C39A /* main.m */; };
		6003F59E195388D20070C39A /* PDAppDelegate.m in Sources */ = {isa = PBXBuildFile; fileRef = 6003F59D195388D20070C39A /* PDAppDelegate.m */; };
		6003F5A1195388D20070C39A /* Main_iPhone.storyboard in Resources */ = {isa = PBXBuildFile; fileRef = 6003F59F195388D20070C39A /* Main_iPhone.storyboard */; };
		6003F5A4195388D20070C39A /* Main_iPad.storyboard in Resources */ = {isa = PBXBuildFile; fileRef = 6003F5A2195388D20070C39A /* Main_iPad.storyboard */; };
		6003F5A7195388D20070C39A /* PDViewController.m in Sources */ = {isa = PBXBuildFile; fileRef = 6003F5A6195388D20070C39A /* PDViewController.m */; };
		6003F5A9195388D20070C39A /* Images.xcassets in Resources */ = {isa = PBXBuildFile; fileRef = 6003F5A8195388D20070C39A /* Images.xcassets */; };
		6003F5B1195388D20070C39A /* Foundation.framework in Frameworks */ = {isa = PBXBuildFile; fileRef = 6003F58D195388D20070C39A /* Foundation.framework */; };
		6003F5B2195388D20070C39A /* UIKit.framework in Frameworks */ = {isa = PBXBuildFile; fileRef = 6003F591195388D20070C39A /* UIKit.framework */; };
		6003F5BA195388D20070C39A /* InfoPlist.strings in Resources */ = {isa = PBXBuildFile; fileRef = 6003F5B8195388D20070C39A /* InfoPlist.strings */; };
		6003F5BC195388D20070C39A /* Tests.m in Sources */ = {isa = PBXBuildFile; fileRef = 6003F5BB195388D20070C39A /* Tests.m */; };
		A954A029C9C44BAC822BDD5E /* libPods-pajdeg.a in Frameworks */ = {isa = PBXBuildFile; fileRef = D0149AADCFC1487C80BA8ACD /* libPods-pajdeg.a */; };
		AE8A1B52D4ED49EE9CCBA2C4 /* libPods-Tests.a in Frameworks */ = {isa = PBXBuildFile; fileRef = 8156DDFE481C48B4BB7E0694 /* libPods-Tests.a */; };
		E26BE00F1983EEA800E8DB1C /* test123.pdf in Resources */ = {isa = PBXBuildFile; fileRef = E26BE00E1983EEA800E8DB1C /* test123.pdf */; };
		E26BE0111984009300E8DB1C /* pxp.pdf in Resources */ = {isa = PBXBuildFile; fileRef = E26BE0101984009300E8DB1C /* pxp.pdf */; };
		E26BE0201984054800E8DB1C /* Capture.pdf in Resources */ = {isa = PBXBuildFile; fileRef = E26BE0131984054800E8DB1C /* Capture.pdf */; };
		E26BE0211984054800E8DB1C /* Chinese_simplified.pdf in Resources */ = {isa = PBXBuildFile; fileRef = E26BE0141984054800E8DB1C /* Chinese_simplified.pdf */; };
		E26BE0221984054800E8DB1C /* Chinese_traditional.pdf in Resources */ = {isa = PBXBuildFile; fileRef = E26BE0151984054800E8DB1C /* Chinese_traditional.pdf */; };
		E26BE0231984054800E8DB1C /* Forms.pdf in Resources */ = {isa = PBXBuildFile; fileRef = E26BE0161984054800E8DB1C /* Forms.pdf */; };
		E26BE0241984054800E8DB1C /* Japanese.pdf in Resources */ = {isa = PBXBuildFile; fileRef = E26BE0171984054800E8DB1C /* Japanese.pdf */; };
		E26BE0251984054800E8DB1C /* Korean.pdf in Resources */ = {isa = PBXBuildFile; fileRef = E26BE0181984054800E8DB1C /* Korean.pdf */; };
		E26BE0261984054800E8DB1C /* PDF13.pdf in Resources */ = {isa = PBXBuildFile; fileRef = E26BE0191984054800E8DB1C /* PDF13.pdf */; };
		E26BE0271984054800E8DB1C /* PDF14.pdf in Resources */ = {isa = PBXBuildFile; fileRef = E26BE01A1984054800E8DB1C /* PDF14.pdf */; };
		E26BE0281984054800E8DB1C /* PDF15.pdf in Resources */ = {isa = PBXBuildFile; fileRef = E26BE01B1984054800E8DB1C /* PDF15.pdf */; };
		E26BE0291984054800E8DB1C /* PDF16.pdf in Resources */ = {isa = PBXBuildFile; fileRef = E26BE01C1984054800E8DB1C /* PDF16.pdf */; };
		E26BE02A1984054800E8DB1C /* Tagged.pdf in Resources */ = {isa = PBXBuildFile; fileRef = E26BE01D1984054800E8DB1C /* Tagged.pdf */; };
		E26BE02B1984054800E8DB1C /* TouchUp.pdf in Resources */ = {isa = PBXBuildFile; fileRef = E26BE01E1984054800E8DB1C /* TouchUp.pdf */; };
		E26BE02C1984054800E8DB1C /* Untagged.pdf in Resources */ = {isa = PBXBuildFile; fileRef = E26BE01F1984054800E8DB1C /* Untagged.pdf */; };
		E2CE51AA1A221D3F00D5D1F5 /* PDDictionaryTests.m in Sources */ = {isa = PBXBuildFile; fileRef = E2CE51A91A221D3F00D5D1F5 /* PDDictionaryTests.m */; };
		E2E293521982A426002B3086 /* PDTreeTests.m in Sources */ = {isa = PBXBuildFile; fileRef = E2E293511982A426002B3086 /* PDTreeTests.m */; };
		E2E293AD1982A4A6002B3086 /* pd_aes256.c in Sources */ = {isa = PBXBuildFile; fileRef = E2E2935D1982A4A6002B3086 /* pd_aes256.c */; };
		E2E293AE1982A4A6002B3086 /* pd_crypto.c in Sources */ = {isa = PBXBuildFile; fileRef = E2E293601982A4A6002B3086 /* pd_crypto.c */; };
		E2E293AF1982A4A6002B3086 /* pd_md5.c in Sources */ = {isa = PBXBuildFile; fileRef = E2E293631982A4A6002B3086 /* pd_md5.c */; };
		E2E293B01982A4A6002B3086 /* pd_pdf_implementation.c in Sources */ = {isa = PBXBuildFile; fileRef = E2E293651982A4A6002B3086 /* pd_pdf_implementation.c */; };
		E2E293B11982A4A6002B3086 /* pd_stack.c in Sources */ = {isa = PBXBuildFile; fileRef = E2E293681982A4A6002B3086 /* pd_stack.c */; };
		E2E293B21982A4A6002B3086 /* PDArray.c in Sources */ = {isa = PBXBuildFile; fileRef = E2E2936A1982A4A6002B3086 /* PDArray.c */; };
		E2E293B31982A4A6002B3086 /* PDCatalog.c in Sources */ = {isa = PBXBuildFile; fileRef = E2E2936C1982A4A6002B3086 /* PDCatalog.c */; };
		E2E293B51982A4A6002B3086 /* PDContentStream.c in Sources */ = {isa = PBXBuildFile; fileRef = E2E293701982A4A6002B3086 /* PDContentStream.c */; };
		E2E293B61982A4A6002B3086 /* PDContentStreamPrinter.c in Sources */ = {isa = PBXBuildFile; fileRef = E2E293721982A4A6002B3086 /* PDContentStreamPrinter.c */; };
		E2E293B71982A4A6002B3086 /* PDContentStreamTextExtractor.c in Sources */ = {isa = PBXBuildFile; fileRef = E2E293741982A4A6002B3086 /* PDContentStreamTextExtractor.c */; };
		E2E293B81982A4A6002B3086 /* PDDictionary.c in Sources */ = {isa = PBXBuildFile; fileRef = E2E293771982A4A6002B3086 /* PDDictionary.c */; };
		E2E293B91982A4A6002B3086 /* PDEnv.c in Sources */ = {isa = PBXBuildFile; fileRef = E2E293791982A4A6002B3086 /* PDEnv.c */; };
		E2E293BA1982A4A6002B3086 /* PDNumber.c in Sources */ = {isa = PBXBuildFile; fileRef = E2E2937B1982A4A6002B3086 /* PDNumber.c */; };
		E2E293BB1982A4A6002B3086 /* PDObject.c in Sources */ = {isa = PBXBuildFile; fileRef = E2E2937D1982A4A6002B3086 /* PDObject.c */; };
		E2E293BC1982A4A6002B3086 /* PDObjectStream.c in Sources */ = {isa = PBXBuildFile; fileRef = E2E2937F1982A4A6002B3086 /* PDObjectStream.c */; };
		E2E293BD1982A4A6002B3086 /* PDOperator.c in Sources */ = {isa = PBXBuildFile; fileRef = E2E293811982A4A6002B3086 /* PDOperator.c */; };
		E2E293BE1982A4A6002B3086 /* PDPage.c in Sources */ = {isa = PBXBuildFile; fileRef = E2E293831982A4A6002B3086 /* PDPage.c */; };
		E2E293BF1982A4A6002B3086 /* PDParser.c in Sources */ = {isa = PBXBuildFile; fileRef = E2E293851982A4A6002B3086 /* PDParser.c */; };
		E2E293C01982A4A6002B3086 /* PDParserAttachment.c in Sources */ = {isa = PBXBuildFile; fileRef = E2E293871982A4A6002B3086 /* PDParserAttachment.c */; };
		E2E293C11982A4A6002B3086 /* PDPipe.c in Sources */ = {isa = PBXBuildFile; fileRef = E2E293891982A4A6002B3086 /* PDPipe.c */; };
		E2E293C21982A4A6002B3086 /* PDReference.c in Sources */ = {isa = PBXBuildFile; fileRef = E2E2938B1982A4A6002B3086 /* PDReference.c */; };
		E2E293C31982A4A6002B3086 /* PDScanner.c in Sources */ = {isa = PBXBuildFile; fileRef = E2E2938D1982A4A6002B3086 /* PDScanner.c */; };
		E2E293C41982A4A6002B3086 /* PDSelection.c in Sources */ = {isa = PBXBuildFile; fileRef = E2E2938F1982A4A6002B3086 /* PDSelection.c */; };
		E2E293C51982A4A6002B3086 /* PDSplayTree.c in Sources */ = {isa = PBXBuildFile; fileRef = E2E293911982A4A6002B3086 /* PDSplayTree.c */; };
		E2E293C61982A4A6002B3086 /* PDState.c in Sources */ = {isa = PBXBuildFile; fileRef = E2E293931982A4A6002B3086 /* PDState.c */; };
		E2E293C71982A4A6002B3086 /* PDStaticHash.c in Sources */ = {isa = PBXBuildFile; fileRef = E2E293951982A4A6002B3086 /* PDStaticHash.c */; };
		E2E293C81982A4A6002B3086 /* PDStreamFilter.c in Sources */ = {isa = PBXBuildFile; fileRef = E2E293971982A4A6002B3086 /* PDStreamFilter.c */; };
		E2E293C91982A4A6002B3086 /* PDStreamFilterFlateDecode.c in Sources */ = {isa = PBXBuildFile; fileRef = E2E293991982A4A6002B3086 /* PDStreamFilterFlateDecode.c */; };
		E2E293CA1982A4A6002B3086 /* PDStreamFilterPrediction.c in Sources */ = {isa = PBXBuildFile; fileRef = E2E2939B1982A4A6002B3086 /* PDStreamFilterPrediction.c */; };
		E2E293CB1982A4A6002B3086 /* PDString.c in Sources */ = {isa = PBXBuildFile; fileRef = E2E2939D1982A4A6002B3086 /* PDString.c */; };
		E2E293CC1982A4A6002B3086 /* PDTask.c in Sources */ = {isa = PBXBuildFile; fileRef = E2E2939F1982A4A6002B3086 /* PDTask.c */; };
		E2E293CD1982A4A6002B3086 /* PDTwinStream.c in Sources */ = {isa = PBXBuildFile; fileRef = E2E293A11982A4A6002B3086 /* PDTwinStream.c */; };
		E2E293CE1982A4A6002B3086 /* PDType.c in Sources */ = {isa = PBXBuildFile; fileRef = E2E293A31982A4A6002B3086 /* PDType.c */; };
		E2E293CF1982A4A6002B3086 /* PDXTable.c in Sources */ = {isa = PBXBuildFile; fileRef = E2E293A51982A4A6002B3086 /* PDXTable.c */; };
		E2E293D11982A6F3002B3086 /* libz.dylib in Frameworks */ = {isa = PBXBuildFile; fileRef = E2E293D01982A6F3002B3086 /* libz.dylib */; };
		E2E293D31982BD34002B3086 /* PDTypeTests.m in Sources */ = {isa = PBXBuildFile; fileRef = E2E293D21982BD34002B3086 /* PDTypeTests.m */; };
/* End PBXBuildFile section */

/* Begin PBXContainerItemProxy section */
		6003F5B3195388D20070C39A /* PBXContainerItemProxy */ = {
			isa = PBXContainerItemProxy;
			containerPortal = 6003F582195388D10070C39A /* Project object */;
			proxyType = 1;
			remoteGlobalIDString = 6003F589195388D20070C39A;
			remoteInfo = pajdeg;
		};
/* End PBXContainerItemProxy section */

/* Begin PBXFileReference section */
		07879C3E819FFFAD3208F8C0 /* Pods-Tests.release.xcconfig */ = {isa = PBXFileReference; includeInIndex = 1; lastKnownFileType = text.xcconfig; name = "Pods-Tests.release.xcconfig"; path = "Pods/Target Support Files/Pods-Tests/Pods-Tests.release.xcconfig"; sourceTree = "<group>"; };
		39076AC6D1234B4387408554 /* PajdegCore.podspec */ = {isa = PBXFileReference; includeInIndex = 1; lastKnownFileType = text; name = PajdegCore.podspec; path = ../PajdegCore.podspec; sourceTree = "<group>"; };
		4F1CC999F56D4D589092242B /* LICENSE */ = {isa = PBXFileReference; includeInIndex = 1; lastKnownFileType = text; name = LICENSE; path = ../LICENSE; sourceTree = "<group>"; };
		6003F58A195388D20070C39A /* pajdeg.app */ = {isa = PBXFileReference; explicitFileType = wrapper.application; includeInIndex = 0; path = pajdeg.app; sourceTree = BUILT_PRODUCTS_DIR; };
		6003F58D195388D20070C39A /* Foundation.framework */ = {isa = PBXFileReference; lastKnownFileType = wrapper.framework; name = Foundation.framework; path = System/Library/Frameworks/Foundation.framework; sourceTree = SDKROOT; };
		6003F58F195388D20070C39A /* CoreGraphics.framework */ = {isa = PBXFileReference; lastKnownFileType = wrapper.framework; name = CoreGraphics.framework; path = System/Library/Frameworks/CoreGraphics.framework; sourceTree = SDKROOT; };
		6003F591195388D20070C39A /* UIKit.framework */ = {isa = PBXFileReference; lastKnownFileType = wrapper.framework; name = UIKit.framework; path = System/Library/Frameworks/UIKit.framework; sourceTree = SDKROOT; };
		6003F595195388D20070C39A /* pajdeg-Info.plist */ = {isa = PBXFileReference; lastKnownFileType = text.plist.xml; path = "pajdeg-Info.plist"; sourceTree = "<group>"; };
		6003F597195388D20070C39A /* en */ = {isa = PBXFileReference; lastKnownFileType = text.plist.strings; name = en; path = en.lproj/InfoPlist.strings; sourceTree = "<group>"; };
		6003F599195388D20070C39A /* main.m */ = {isa = PBXFileReference; lastKnownFileType = sourcecode.c.objc; path = main.m; sourceTree = "<group>"; };
		6003F59B195388D20070C39A /* pajdeg-Prefix.pch */ = {isa = PBXFileReference; lastKnownFileType = sourcecode.c.h; path = "pajdeg-Prefix.pch"; sourceTree = "<group>"; };
		6003F59C195388D20070C39A /* PDAppDelegate.h */ = {isa = PBXFileReference; lastKnownFileType = sourcecode.c.h; path = PDAppDelegate.h; sourceTree = "<group>"; };
		6003F59D195388D20070C39A /* PDAppDelegate.m */ = {isa = PBXFileReference; lastKnownFileType = sourcecode.c.objc; path = PDAppDelegate.m; sourceTree = "<group>"; };
		6003F5A0195388D20070C39A /* Base */ = {isa = PBXFileReference; lastKnownFileType = file.storyboard; name = Base; path = Base.lproj/Main_iPhone.storyboard; sourceTree = "<group>"; };
		6003F5A3195388D20070C39A /* Base */ = {isa = PBXFileReference; lastKnownFileType = file.storyboard; name = Base; path = Base.lproj/Main_iPad.storyboard; sourceTree = "<group>"; };
		6003F5A5195388D20070C39A /* PDViewController.h */ = {isa = PBXFileReference; lastKnownFileType = sourcecode.c.h; path = PDViewController.h; sourceTree = "<group>"; };
		6003F5A6195388D20070C39A /* PDViewController.m */ = {isa = PBXFileReference; lastKnownFileType = sourcecode.c.objc; path = PDViewController.m; sourceTree = "<group>"; };
		6003F5A8195388D20070C39A /* Images.xcassets */ = {isa = PBXFileReference; lastKnownFileType = folder.assetcatalog; path = Images.xcassets; sourceTree = "<group>"; };
		6003F5AE195388D20070C39A /* Tests.xctest */ = {isa = PBXFileReference; explicitFileType = wrapper.cfbundle; includeInIndex = 0; path = Tests.xctest; sourceTree = BUILT_PRODUCTS_DIR; };
		6003F5AF195388D20070C39A /* XCTest.framework */ = {isa = PBXFileReference; lastKnownFileType = wrapper.framework; name = XCTest.framework; path = Library/Frameworks/XCTest.framework; sourceTree = DEVELOPER_DIR; };
		6003F5B7195388D20070C39A /* Tests-Info.plist */ = {isa = PBXFileReference; lastKnownFileType = text.plist.xml; path = "Tests-Info.plist"; sourceTree = "<group>"; };
		6003F5B9195388D20070C39A /* en */ = {isa = PBXFileReference; lastKnownFileType = text.plist.strings; name = en; path = en.lproj/InfoPlist.strings; sourceTree = "<group>"; };
		6003F5BB195388D20070C39A /* Tests.m */ = {isa = PBXFileReference; lastKnownFileType = sourcecode.c.objc; path = Tests.m; sourceTree = "<group>"; };
		606FC2411953D9B200FFA9A0 /* Tests-Prefix.pch */ = {isa = PBXFileReference; lastKnownFileType = sourcecode.c.h; path = "Tests-Prefix.pch"; sourceTree = "<group>"; };
		60FB6418EC21A931106C92C6 /* Pods-pajdeg.debug.xcconfig */ = {isa = PBXFileReference; includeInIndex = 1; lastKnownFileType = text.xcconfig; name = "Pods-pajdeg.debug.xcconfig"; path = "Pods/Target Support Files/Pods-pajdeg/Pods-pajdeg.debug.xcconfig"; sourceTree = "<group>"; };
		8156DDFE481C48B4BB7E0694 /* libPods-Tests.a */ = {isa = PBXFileReference; explicitFileType = archive.ar; includeInIndex = 0; path = "libPods-Tests.a"; sourceTree = BUILT_PRODUCTS_DIR; };
		8B9E44DE8D9097983828BF2D /* Pods-Tests.debug.xcconfig */ = {isa = PBXFileReference; includeInIndex = 1; lastKnownFileType = text.xcconfig; name = "Pods-Tests.debug.xcconfig"; path = "Pods/Target Support Files/Pods-Tests/Pods-Tests.debug.xcconfig"; sourceTree = "<group>"; };
		930C4FA2DD92D1B5F5A8483A /* Pods-pajdeg.release.xcconfig */ = {isa = PBXFileReference; includeInIndex = 1; lastKnownFileType = text.xcconfig; name = "Pods-pajdeg.release.xcconfig"; path = "Pods/Target Support Files/Pods-pajdeg/Pods-pajdeg.release.xcconfig"; sourceTree = "<group>"; };
		D0149AADCFC1487C80BA8ACD /* libPods-pajdeg.a */ = {isa = PBXFileReference; explicitFileType = archive.ar; includeInIndex = 0; path = "libPods-pajdeg.a"; sourceTree = BUILT_PRODUCTS_DIR; };
		E26BE00E1983EEA800E8DB1C /* test123.pdf */ = {isa = PBXFileReference; lastKnownFileType = image.pdf; path = test123.pdf; sourceTree = "<group>"; };
		E26BE0101984009300E8DB1C /* pxp.pdf */ = {isa = PBXFileReference; lastKnownFileType = image.pdf; path = pxp.pdf; sourceTree = "<group>"; };
		E26BE0131984054800E8DB1C /* Capture.pdf */ = {isa = PBXFileReference; lastKnownFileType = image.pdf; path = Capture.pdf; sourceTree = "<group>"; };
		E26BE0141984054800E8DB1C /* Chinese_simplified.pdf */ = {isa = PBXFileReference; lastKnownFileType = image.pdf; path = Chinese_simplified.pdf; sourceTree = "<group>"; };
		E26BE0151984054800E8DB1C /* Chinese_traditional.pdf */ = {isa = PBXFileReference; lastKnownFileType = image.pdf; path = Chinese_traditional.pdf; sourceTree = "<group>"; };
		E26BE0161984054800E8DB1C /* Forms.pdf */ = {isa = PBXFileReference; lastKnownFileType = image.pdf; path = Forms.pdf; sourceTree = "<group>"; };
		E26BE0171984054800E8DB1C /* Japanese.pdf */ = {isa = PBXFileReference; lastKnownFileType = image.pdf; path = Japanese.pdf; sourceTree = "<group>"; };
		E26BE0181984054800E8DB1C /* Korean.pdf */ = {isa = PBXFileReference; lastKnownFileType = image.pdf; path = Korean.pdf; sourceTree = "<group>"; };
		E26BE0191984054800E8DB1C /* PDF13.pdf */ = {isa = PBXFileReference; lastKnownFileType = image.pdf; path = PDF13.pdf; sourceTree = "<group>"; };
		E26BE01A1984054800E8DB1C /* PDF14.pdf */ = {isa = PBXFileReference; lastKnownFileType = image.pdf; path = PDF14.pdf; sourceTree = "<group>"; };
		E26BE01B1984054800E8DB1C /* PDF15.pdf */ = {isa = PBXFileReference; lastKnownFileType = image.pdf; path = PDF15.pdf; sourceTree = "<group>"; };
		E26BE01C1984054800E8DB1C /* PDF16.pdf */ = {isa = PBXFileReference; lastKnownFileType = image.pdf; path = PDF16.pdf; sourceTree = "<group>"; };
		E26BE01D1984054800E8DB1C /* Tagged.pdf */ = {isa = PBXFileReference; lastKnownFileType = image.pdf; path = Tagged.pdf; sourceTree = "<group>"; };
		E26BE01E1984054800E8DB1C /* TouchUp.pdf */ = {isa = PBXFileReference; lastKnownFileType = image.pdf; path = TouchUp.pdf; sourceTree = "<group>"; };
		E26BE01F1984054800E8DB1C /* Untagged.pdf */ = {isa = PBXFileReference; lastKnownFileType = image.pdf; path = Untagged.pdf; sourceTree = "<group>"; };
		E2CE51A91A221D3F00D5D1F5 /* PDDictionaryTests.m */ = {isa = PBXFileReference; fileEncoding = 4; lastKnownFileType = sourcecode.c.objc; path = PDDictionaryTests.m; sourceTree = "<group>"; };
		E2E293511982A426002B3086 /* PDTreeTests.m */ = {isa = PBXFileReference; fileEncoding = 4; lastKnownFileType = sourcecode.c.objc; path = PDTreeTests.m; sourceTree = "<group>"; };
		E2E2935C1982A4A6002B3086 /* Pajdeg.h */ = {isa = PBXFileReference; fileEncoding = 4; lastKnownFileType = sourcecode.c.h; name = Pajdeg.h; path = src/Pajdeg.h; sourceTree = "<group>"; };
		E2E2935D1982A4A6002B3086 /* pd_aes256.c */ = {isa = PBXFileReference; fileEncoding = 4; lastKnownFileType = sourcecode.c.c; name = pd_aes256.c; path = src/pd_aes256.c; sourceTree = "<group>"; };
		E2E2935E1982A4A6002B3086 /* pd_aes256.h */ = {isa = PBXFileReference; fileEncoding = 4; lastKnownFileType = sourcecode.c.h; name = pd_aes256.h; path = src/pd_aes256.h; sourceTree = "<group>"; };
		E2E2935F1982A4A6002B3086 /* pd_container.h */ = {isa = PBXFileReference; fileEncoding = 4; lastKnownFileType = sourcecode.c.h; name = pd_container.h; path = src/pd_container.h; sourceTree = "<group>"; };
		E2E293601982A4A6002B3086 /* pd_crypto.c */ = {isa = PBXFileReference; fileEncoding = 4; lastKnownFileType = sourcecode.c.c; name = pd_crypto.c; path = src/pd_crypto.c; sourceTree = "<group>"; };
		E2E293611982A4A6002B3086 /* pd_crypto.h */ = {isa = PBXFileReference; fileEncoding = 4; lastKnownFileType = sourcecode.c.h; name = pd_crypto.h; path = src/pd_crypto.h; sourceTree = "<group>"; };
		E2E293621982A4A6002B3086 /* pd_internal.h */ = {isa = PBXFileReference; fileEncoding = 4; lastKnownFileType = sourcecode.c.h; name = pd_internal.h; path = src/pd_internal.h; sourceTree = "<group>"; };
		E2E293631982A4A6002B3086 /* pd_md5.c */ = {isa = PBXFileReference; fileEncoding = 4; lastKnownFileType = sourcecode.c.c; name = pd_md5.c; path = src/pd_md5.c; sourceTree = "<group>"; };
		E2E293641982A4A6002B3086 /* pd_md5.h */ = {isa = PBXFileReference; fileEncoding = 4; lastKnownFileType = sourcecode.c.h; name = pd_md5.h; path = src/pd_md5.h; sourceTree = "<group>"; };
		E2E293651982A4A6002B3086 /* pd_pdf_implementation.c */ = {isa = PBXFileReference; fileEncoding = 4; lastKnownFileType = sourcecode.c.c; name = pd_pdf_implementation.c; path = src/pd_pdf_implementation.c; sourceTree = "<group>"; };
		E2E293661982A4A6002B3086 /* pd_pdf_implementation.h */ = {isa = PBXFileReference; fileEncoding = 4; lastKnownFileType = sourcecode.c.h; name = pd_pdf_implementation.h; path = src/pd_pdf_implementation.h; sourceTree = "<group>"; };
		E2E293671982A4A6002B3086 /* pd_pdf_private.h */ = {isa = PBXFileReference; fileEncoding = 4; lastKnownFileType = sourcecode.c.h; name = pd_pdf_private.h; path = src/pd_pdf_private.h; sourceTree = "<group>"; };
		E2E293681982A4A6002B3086 /* pd_stack.c */ = {isa = PBXFileReference; fileEncoding = 4; lastKnownFileType = sourcecode.c.c; name = pd_stack.c; path = src/pd_stack.c; sourceTree = "<group>"; };
		E2E293691982A4A6002B3086 /* pd_stack.h */ = {isa = PBXFileReference; fileEncoding = 4; lastKnownFileType = sourcecode.c.h; name = pd_stack.h; path = src/pd_stack.h; sourceTree = "<group>"; };
		E2E2936A1982A4A6002B3086 /* PDArray.c */ = {isa = PBXFileReference; fileEncoding = 4; lastKnownFileType = sourcecode.c.c; name = PDArray.c; path = src/PDArray.c; sourceTree = "<group>"; };
		E2E2936B1982A4A6002B3086 /* PDArray.h */ = {isa = PBXFileReference; fileEncoding = 4; lastKnownFileType = sourcecode.c.h; name = PDArray.h; path = src/PDArray.h; sourceTree = "<group>"; };
		E2E2936C1982A4A6002B3086 /* PDCatalog.c */ = {isa = PBXFileReference; fileEncoding = 4; lastKnownFileType = sourcecode.c.c; name = PDCatalog.c; path = src/PDCatalog.c; sourceTree = "<group>"; };
		E2E2936D1982A4A6002B3086 /* PDCatalog.h */ = {isa = PBXFileReference; fileEncoding = 4; lastKnownFileType = sourcecode.c.h; name = PDCatalog.h; path = src/PDCatalog.h; sourceTree = "<group>"; };
		E2E293701982A4A6002B3086 /* PDContentStream.c */ = {isa = PBXFileReference; fileEncoding = 4; lastKnownFileType = sourcecode.c.c; name = PDContentStream.c; path = src/PDContentStream.c; sourceTree = "<group>"; };
		E2E293711982A4A6002B3086 /* PDContentStream.h */ = {isa = PBXFileReference; fileEncoding = 4; lastKnownFileType = sourcecode.c.h; name = PDContentStream.h; path = src/PDContentStream.h; sourceTree = "<group>"; };
		E2E293721982A4A6002B3086 /* PDContentStreamPrinter.c */ = {isa = PBXFileReference; fileEncoding = 4; lastKnownFileType = sourcecode.c.c; name = PDContentStreamPrinter.c; path = src/PDContentStreamPrinter.c; sourceTree = "<group>"; };
		E2E293731982A4A6002B3086 /* PDContentStreamPrinter.h */ = {isa = PBXFileReference; fileEncoding = 4; lastKnownFileType = sourcecode.c.h; name = PDContentStreamPrinter.h; path = src/PDContentStreamPrinter.h; sourceTree = "<group>"; };
		E2E293741982A4A6002B3086 /* PDContentStreamTextExtractor.c */ = {isa = PBXFileReference; fileEncoding = 4; lastKnownFileType = sourcecode.c.c; name = PDContentStreamTextExtractor.c; path = src/PDContentStreamTextExtractor.c; sourceTree = "<group>"; };
		E2E293751982A4A6002B3086 /* PDContentStreamTextExtractor.h */ = {isa = PBXFileReference; fileEncoding = 4; lastKnownFileType = sourcecode.c.h; name = PDContentStreamTextExtractor.h; path = src/PDContentStreamTextExtractor.h; sourceTree = "<group>"; };
		E2E293761982A4A6002B3086 /* PDDefines.h */ = {isa = PBXFileReference; fileEncoding = 4; lastKnownFileType = sourcecode.c.h; name = PDDefines.h; path = src/PDDefines.h; sourceTree = "<group>"; };
		E2E293771982A4A6002B3086 /* PDDictionary.c */ = {isa = PBXFileReference; fileEncoding = 4; lastKnownFileType = sourcecode.c.c; name = PDDictionary.c; path = src/PDDictionary.c; sourceTree = "<group>"; };
		E2E293781982A4A6002B3086 /* PDDictionary.h */ = {isa = PBXFileReference; fileEncoding = 4; lastKnownFileType = sourcecode.c.h; name = PDDictionary.h; path = src/PDDictionary.h; sourceTree = "<group>"; };
		E2E293791982A4A6002B3086 /* PDEnv.c */ = {isa = PBXFileReference; fileEncoding = 4; lastKnownFileType = sourcecode.c.c; name = PDEnv.c; path = src/PDEnv.c; sourceTree = "<group>"; };
		E2E2937A1982A4A6002B3086 /* PDEnv.h */ = {isa = PBXFileReference; fileEncoding = 4; lastKnownFileType = sourcecode.c.h; name = PDEnv.h; path = src/PDEnv.h; sourceTree = "<group>"; };
		E2E2937B1982A4A6002B3086 /* PDNumber.c */ = {isa = PBXFileReference; fileEncoding = 4; lastKnownFileType = sourcecode.c.c; name = PDNumber.c; path = src/PDNumber.c; sourceTree = "<group>"; };
		E2E2937C1982A4A6002B3086 /* PDNumber.h */ = {isa = PBXFileReference; fileEncoding = 4; lastKnownFileType = sourcecode.c.h; name = PDNumber.h; path = src/PDNumber.h; sourceTree = "<group>"; };
		E2E2937D1982A4A6002B3086 /* PDObject.c */ = {isa = PBXFileReference; fileEncoding = 4; lastKnownFileType = sourcecode.c.c; name = PDObject.c; path = src/PDObject.c; sourceTree = "<group>"; };
		E2E2937E1982A4A6002B3086 /* PDObject.h */ = {isa = PBXFileReference; fileEncoding = 4; lastKnownFileType = sourcecode.c.h; name = PDObject.h; path = src/PDObject.h; sourceTree = "<group>"; };
		E2E2937F1982A4A6002B3086 /* PDObjectStream.c */ = {isa = PBXFileReference; fileEncoding = 4; lastKnownFileType = sourcecode.c.c; name = PDObjectStream.c; path = src/PDObjectStream.c; sourceTree = "<group>"; };
		E2E293801982A4A6002B3086 /* PDObjectStream.h */ = {isa = PBXFileReference; fileEncoding = 4; lastKnownFileType = sourcecode.c.h; name = PDObjectStream.h; path = src/PDObjectStream.h; sourceTree = "<group>"; };
		E2E293811982A4A6002B3086 /* PDOperator.c */ = {isa = PBXFileReference; fileEncoding = 4; lastKnownFileType = sourcecode.c.c; name = PDOperator.c; path = src/PDOperator.c; sourceTree = "<group>"; };
		E2E293821982A4A6002B3086 /* PDOperator.h */ = {isa = PBXFileReference; fileEncoding = 4; lastKnownFileType = sourcecode.c.h; name = PDOperator.h; path = src/PDOperator.h; sourceTree = "<group>"; };
		E2E293831982A4A6002B3086 /* PDPage.c */ = {isa = PBXFileReference; fileEncoding = 4; lastKnownFileType = sourcecode.c.c; name = PDPage.c; path = src/PDPage.c; sourceTree = "<group>"; };
		E2E293841982A4A6002B3086 /* PDPage.h */ = {isa = PBXFileReference; fileEncoding = 4; lastKnownFileType = sourcecode.c.h; name = PDPage.h; path = src/PDPage.h; sourceTree = "<group>"; };
		E2E293851982A4A6002B3086 /* PDParser.c */ = {isa = PBXFileReference; fileEncoding = 4; lastKnownFileType = sourcecode.c.c; name = PDParser.c; path = src/PDParser.c; sourceTree = "<group>"; };
		E2E293861982A4A6002B3086 /* PDParser.h */ = {isa = PBXFileReference; fileEncoding = 4; lastKnownFileType = sourcecode.c.h; name = PDParser.h; path = src/PDParser.h; sourceTree = "<group>"; };
		E2E293871982A4A6002B3086 /* PDParserAttachment.c */ = {isa = PBXFileReference; fileEncoding = 4; lastKnownFileType = sourcecode.c.c; name = PDParserAttachment.c; path = src/PDParserAttachment.c; sourceTree = "<group>"; };
		E2E293881982A4A6002B3086 /* PDParserAttachment.h */ = {isa = PBXFileReference; fileEncoding = 4; lastKnownFileType = sourcecode.c.h; name = PDParserAttachment.h; path = src/PDParserAttachment.h; sourceTree = "<group>"; };
		E2E293891982A4A6002B3086 /* PDPipe.c */ = {isa = PBXFileReference; fileEncoding = 4; lastKnownFileType = sourcecode.c.c; name = PDPipe.c; path = src/PDPipe.c; sourceTree = "<group>"; };
		E2E2938A1982A4A6002B3086 /* PDPipe.h */ = {isa = PBXFileReference; fileEncoding = 4; lastKnownFileType = sourcecode.c.h; name = PDPipe.h; path = src/PDPipe.h; sourceTree = "<group>"; };
		E2E2938B1982A4A6002B3086 /* PDReference.c */ = {isa = PBXFileReference; fileEncoding = 4; lastKnownFileType = sourcecode.c.c; name = PDReference.c; path = src/PDReference.c; sourceTree = "<group>"; };
		E2E2938C1982A4A6002B3086 /* PDReference.h */ = {isa = PBXFileReference; fileEncoding = 4; lastKnownFileType = sourcecode.c.h; name = PDReference.h; path = src/PDReference.h; sourceTree = "<group>"; };
		E2E2938D1982A4A6002B3086 /* PDScanner.c */ = {isa = PBXFileReference; fileEncoding = 4; lastKnownFileType = sourcecode.c.c; name = PDScanner.c; path = src/PDScanner.c; sourceTree = "<group>"; };
		E2E2938E1982A4A6002B3086 /* PDScanner.h */ = {isa = PBXFileReference; fileEncoding = 4; lastKnownFileType = sourcecode.c.h; name = PDScanner.h; path = src/PDScanner.h; sourceTree = "<group>"; };
		E2E2938F1982A4A6002B3086 /* PDSelection.c */ = {isa = PBXFileReference; fileEncoding = 4; lastKnownFileType = sourcecode.c.c; name = PDSelection.c; path = src/PDSelection.c; sourceTree = "<group>"; };
		E2E293901982A4A6002B3086 /* PDSelection.h */ = {isa = PBXFileReference; fileEncoding = 4; lastKnownFileType = sourcecode.c.h; name = PDSelection.h; path = src/PDSelection.h; sourceTree = "<group>"; };
		E2E293911982A4A6002B3086 /* PDSplayTree.c */ = {isa = PBXFileReference; fileEncoding = 4; lastKnownFileType = sourcecode.c.c; name = PDSplayTree.c; path = src/PDSplayTree.c; sourceTree = "<group>"; };
		E2E293921982A4A6002B3086 /* PDSplayTree.h */ = {isa = PBXFileReference; fileEncoding = 4; lastKnownFileType = sourcecode.c.h; name = PDSplayTree.h; path = src/PDSplayTree.h; sourceTree = "<group>"; };
		E2E293931982A4A6002B3086 /* PDState.c */ = {isa = PBXFileReference; fileEncoding = 4; lastKnownFileType = sourcecode.c.c; name = PDState.c; path = src/PDState.c; sourceTree = "<group>"; };
		E2E293941982A4A6002B3086 /* PDState.h */ = {isa = PBXFileReference; fileEncoding = 4; lastKnownFileType = sourcecode.c.h; name = PDState.h; path = src/PDState.h; sourceTree = "<group>"; };
		E2E293951982A4A6002B3086 /* PDStaticHash.c */ = {isa = PBXFileReference; fileEncoding = 4; lastKnownFileType = sourcecode.c.c; name = PDStaticHash.c; path = src/PDStaticHash.c; sourceTree = "<group>"; };
		E2E293961982A4A6002B3086 /* PDStaticHash.h */ = {isa = PBXFileReference; fileEncoding = 4; lastKnownFileType = sourcecode.c.h; name = PDStaticHash.h; path = src/PDStaticHash.h; sourceTree = "<group>"; };
		E2E293971982A4A6002B3086 /* PDStreamFilter.c */ = {isa = PBXFileReference; fileEncoding = 4; lastKnownFileType = sourcecode.c.c; name = PDStreamFilter.c; path = src/PDStreamFilter.c; sourceTree = "<group>"; };
		E2E293981982A4A6002B3086 /* PDStreamFilter.h */ = {isa = PBXFileReference; fileEncoding = 4; lastKnownFileType = sourcecode.c.h; name = PDStreamFilter.h; path = src/PDStreamFilter.h; sourceTree = "<group>"; };
		E2E293991982A4A6002B3086 /* PDStreamFilterFlateDecode.c */ = {isa = PBXFileReference; fileEncoding = 4; lastKnownFileType = sourcecode.c.c; name = PDStreamFilterFlateDecode.c; path = src/PDStreamFilterFlateDecode.c; sourceTree = "<group>"; };
		E2E2939A1982A4A6002B3086 /* PDStreamFilterFlateDecode.h */ = {isa = PBXFileReference; fileEncoding = 4; lastKnownFileType = sourcecode.c.h; name = PDStreamFilterFlateDecode.h; path = src/PDStreamFilterFlateDecode.h; sourceTree = "<group>"; };
		E2E2939B1982A4A6002B3086 /* PDStreamFilterPrediction.c */ = {isa = PBXFileReference; fileEncoding = 4; lastKnownFileType = sourcecode.c.c; name = PDStreamFilterPrediction.c; path = src/PDStreamFilterPrediction.c; sourceTree = "<group>"; };
		E2E2939C1982A4A6002B3086 /* PDStreamFilterPrediction.h */ = {isa = PBXFileReference; fileEncoding = 4; lastKnownFileType = sourcecode.c.h; name = PDStreamFilterPrediction.h; path = src/PDStreamFilterPrediction.h; sourceTree = "<group>"; };
		E2E2939D1982A4A6002B3086 /* PDString.c */ = {isa = PBXFileReference; fileEncoding = 4; lastKnownFileType = sourcecode.c.c; name = PDString.c; path = src/PDString.c; sourceTree = "<group>"; };
		E2E2939E1982A4A6002B3086 /* PDString.h */ = {isa = PBXFileReference; fileEncoding = 4; lastKnownFileType = sourcecode.c.h; name = PDString.h; path = src/PDString.h; sourceTree = "<group>"; };
		E2E2939F1982A4A6002B3086 /* PDTask.c */ = {isa = PBXFileReference; fileEncoding = 4; lastKnownFileType = sourcecode.c.c; name = PDTask.c; path = src/PDTask.c; sourceTree = "<group>"; };
		E2E293A01982A4A6002B3086 /* PDTask.h */ = {isa = PBXFileReference; fileEncoding = 4; lastKnownFileType = sourcecode.c.h; name = PDTask.h; path = src/PDTask.h; sourceTree = "<group>"; };
		E2E293A11982A4A6002B3086 /* PDTwinStream.c */ = {isa = PBXFileReference; fileEncoding = 4; lastKnownFileType = sourcecode.c.c; name = PDTwinStream.c; path = src/PDTwinStream.c; sourceTree = "<group>"; };
		E2E293A21982A4A6002B3086 /* PDTwinStream.h */ = {isa = PBXFileReference; fileEncoding = 4; lastKnownFileType = sourcecode.c.h; name = PDTwinStream.h; path = src/PDTwinStream.h; sourceTree = "<group>"; };
		E2E293A31982A4A6002B3086 /* PDType.c */ = {isa = PBXFileReference; fileEncoding = 4; lastKnownFileType = sourcecode.c.c; name = PDType.c; path = src/PDType.c; sourceTree = "<group>"; };
		E2E293A41982A4A6002B3086 /* PDType.h */ = {isa = PBXFileReference; fileEncoding = 4; lastKnownFileType = sourcecode.c.h; name = PDType.h; path = src/PDType.h; sourceTree = "<group>"; };
		E2E293A51982A4A6002B3086 /* PDXTable.c */ = {isa = PBXFileReference; fileEncoding = 4; lastKnownFileType = sourcecode.c.c; name = PDXTable.c; path = src/PDXTable.c; sourceTree = "<group>"; };
		E2E293A61982A4A6002B3086 /* PDXTable.h */ = {isa = PBXFileReference; fileEncoding = 4; lastKnownFileType = sourcecode.c.h; name = PDXTable.h; path = src/PDXTable.h; sourceTree = "<group>"; };
		E2E293D01982A6F3002B3086 /* libz.dylib */ = {isa = PBXFileReference; lastKnownFileType = "compiled.mach-o.dylib"; name = libz.dylib; path = usr/lib/libz.dylib; sourceTree = SDKROOT; };
		E2E293D21982BD34002B3086 /* PDTypeTests.m */ = {isa = PBXFileReference; fileEncoding = 4; lastKnownFileType = sourcecode.c.objc; path = PDTypeTests.m; sourceTree = "<group>"; };
		ED56CD60A2DC45BB99E45765 /* README.md */ = {isa = PBXFileReference; includeInIndex = 1; lastKnownFileType = text; name = README.md; path = ../README.md; sourceTree = "<group>"; };
/* End PBXFileReference section */

/* Begin PBXFrameworksBuildPhase section */
		6003F587195388D20070C39A /* Frameworks */ = {
			isa = PBXFrameworksBuildPhase;
			buildActionMask = 2147483647;
			files = (
				E2E293D11982A6F3002B3086 /* libz.dylib in Frameworks */,
				6003F590195388D20070C39A /* CoreGraphics.framework in Frameworks */,
				6003F592195388D20070C39A /* UIKit.framework in Frameworks */,
				6003F58E195388D20070C39A /* Foundation.framework in Frameworks */,
				A954A029C9C44BAC822BDD5E /* libPods-pajdeg.a in Frameworks */,
			);
			runOnlyForDeploymentPostprocessing = 0;
		};
		6003F5AB195388D20070C39A /* Frameworks */ = {
			isa = PBXFrameworksBuildPhase;
			buildActionMask = 2147483647;
			files = (
				6003F5B2195388D20070C39A /* UIKit.framework in Frameworks */,
				6003F5B1195388D20070C39A /* Foundation.framework in Frameworks */,
				AE8A1B52D4ED49EE9CCBA2C4 /* libPods-Tests.a in Frameworks */,
			);
			runOnlyForDeploymentPostprocessing = 0;
		};
/* End PBXFrameworksBuildPhase section */

/* Begin PBXGroup section */
		5F944B4648A128CA65274970 /* Pods */ = {
			isa = PBXGroup;
			children = (
				8B9E44DE8D9097983828BF2D /* Pods-Tests.debug.xcconfig */,
				07879C3E819FFFAD3208F8C0 /* Pods-Tests.release.xcconfig */,
				60FB6418EC21A931106C92C6 /* Pods-pajdeg.debug.xcconfig */,
				930C4FA2DD92D1B5F5A8483A /* Pods-pajdeg.release.xcconfig */,
			);
			name = Pods;
			sourceTree = "<group>";
		};
		6003F581195388D10070C39A = {
			isa = PBXGroup;
			children = (
				60FF7A9C1954A5C5007DD14C /* Podspec Metadata */,
				6003F593195388D20070C39A /* pajdeg */,
				6003F5B5195388D20070C39A /* Tests */,
				6003F58C195388D20070C39A /* Frameworks */,
				6003F58B195388D20070C39A /* Products */,
				5F944B4648A128CA65274970 /* Pods */,
			);
			sourceTree = "<group>";
		};
		6003F58B195388D20070C39A /* Products */ = {
			isa = PBXGroup;
			children = (
				6003F58A195388D20070C39A /* pajdeg.app */,
				6003F5AE195388D20070C39A /* Tests.xctest */,
			);
			name = Products;
			sourceTree = "<group>";
		};
		6003F58C195388D20070C39A /* Frameworks */ = {
			isa = PBXGroup;
			children = (
				E2E293D01982A6F3002B3086 /* libz.dylib */,
				6003F58D195388D20070C39A /* Foundation.framework */,
				6003F58F195388D20070C39A /* CoreGraphics.framework */,
				6003F591195388D20070C39A /* UIKit.framework */,
				6003F5AF195388D20070C39A /* XCTest.framework */,
				8156DDFE481C48B4BB7E0694 /* libPods-Tests.a */,
				D0149AADCFC1487C80BA8ACD /* libPods-pajdeg.a */,
			);
			name = Frameworks;
			sourceTree = "<group>";
		};
		6003F593195388D20070C39A /* pajdeg */ = {
			isa = PBXGroup;
			children = (
				E2E293531982A4A6002B3086 /* Source */,
				6003F59C195388D20070C39A /* PDAppDelegate.h */,
				6003F59D195388D20070C39A /* PDAppDelegate.m */,
				6003F59F195388D20070C39A /* Main_iPhone.storyboard */,
				6003F5A2195388D20070C39A /* Main_iPad.storyboard */,
				6003F5A5195388D20070C39A /* PDViewController.h */,
				6003F5A6195388D20070C39A /* PDViewController.m */,
				6003F5A8195388D20070C39A /* Images.xcassets */,
				6003F594195388D20070C39A /* Supporting Files */,
			);
			path = pajdeg;
			sourceTree = "<group>";
		};
		6003F594195388D20070C39A /* Supporting Files */ = {
			isa = PBXGroup;
			children = (
				6003F595195388D20070C39A /* pajdeg-Info.plist */,
				6003F596195388D20070C39A /* InfoPlist.strings */,
				6003F599195388D20070C39A /* main.m */,
				6003F59B195388D20070C39A /* pajdeg-Prefix.pch */,
			);
			name = "Supporting Files";
			sourceTree = "<group>";
		};
		6003F5B5195388D20070C39A /* Tests */ = {
			isa = PBXGroup;
			children = (
				E26BE00D1983EEA800E8DB1C /* Resources */,
				6003F5BB195388D20070C39A /* Tests.m */,
				E2E293511982A426002B3086 /* PDTreeTests.m */,
				E2E293D21982BD34002B3086 /* PDTypeTests.m */,
				E2CE51A91A221D3F00D5D1F5 /* PDDictionaryTests.m */,
				6003F5B6195388D20070C39A /* Supporting Files */,
			);
			path = Tests;
			sourceTree = "<group>";
		};
		6003F5B6195388D20070C39A /* Supporting Files */ = {
			isa = PBXGroup;
			children = (
				6003F5B7195388D20070C39A /* Tests-Info.plist */,
				6003F5B8195388D20070C39A /* InfoPlist.strings */,
				606FC2411953D9B200FFA9A0 /* Tests-Prefix.pch */,
			);
			name = "Supporting Files";
			sourceTree = "<group>";
		};
		60FF7A9C1954A5C5007DD14C /* Podspec Metadata */ = {
			isa = PBXGroup;
			children = (
				39076AC6D1234B4387408554 /* PajdegCore.podspec */,
				ED56CD60A2DC45BB99E45765 /* README.md */,
				4F1CC999F56D4D589092242B /* LICENSE */,
			);
			name = "Podspec Metadata";
			sourceTree = "<group>";
		};
		E26BE00D1983EEA800E8DB1C /* Resources */ = {
			isa = PBXGroup;
			children = (
				E26BE0121984054800E8DB1C /* TestPDFs */,
				E26BE0101984009300E8DB1C /* pxp.pdf */,
				E26BE00E1983EEA800E8DB1C /* test123.pdf */,
			);
			path = Resources;
			sourceTree = "<group>";
		};
		E26BE0121984054800E8DB1C /* TestPDFs */ = {
			isa = PBXGroup;
			children = (
				E26BE0131984054800E8DB1C /* Capture.pdf */,
				E26BE0141984054800E8DB1C /* Chinese_simplified.pdf */,
				E26BE0151984054800E8DB1C /* Chinese_traditional.pdf */,
				E26BE0161984054800E8DB1C /* Forms.pdf */,
				E26BE0171984054800E8DB1C /* Japanese.pdf */,
				E26BE0181984054800E8DB1C /* Korean.pdf */,
				E26BE0191984054800E8DB1C /* PDF13.pdf */,
				E26BE01A1984054800E8DB1C /* PDF14.pdf */,
				E26BE01B1984054800E8DB1C /* PDF15.pdf */,
				E26BE01C1984054800E8DB1C /* PDF16.pdf */,
				E26BE01D1984054800E8DB1C /* Tagged.pdf */,
				E26BE01E1984054800E8DB1C /* TouchUp.pdf */,
				E26BE01F1984054800E8DB1C /* Untagged.pdf */,
			);
			path = TestPDFs;
			sourceTree = "<group>";
		};
		E2E293531982A4A6002B3086 /* Source */ = {
			isa = PBXGroup;
			children = (
				E2E2935C1982A4A6002B3086 /* Pajdeg.h */,
				E2E2935D1982A4A6002B3086 /* pd_aes256.c */,
				E2E2935E1982A4A6002B3086 /* pd_aes256.h */,
				E2E2935F1982A4A6002B3086 /* pd_container.h */,
				E2E293601982A4A6002B3086 /* pd_crypto.c */,
				E2E293611982A4A6002B3086 /* pd_crypto.h */,
				E2E293621982A4A6002B3086 /* pd_internal.h */,
				E2E293631982A4A6002B3086 /* pd_md5.c */,
				E2E293641982A4A6002B3086 /* pd_md5.h */,
				E2E293651982A4A6002B3086 /* pd_pdf_implementation.c */,
				E2E293661982A4A6002B3086 /* pd_pdf_implementation.h */,
				E2E293671982A4A6002B3086 /* pd_pdf_private.h */,
				E2E293681982A4A6002B3086 /* pd_stack.c */,
				E2E293691982A4A6002B3086 /* pd_stack.h */,
				E2E293761982A4A6002B3086 /* PDDefines.h */,
				E2E2936A1982A4A6002B3086 /* PDArray.c */,
				E2E2936B1982A4A6002B3086 /* PDArray.h */,
				E2E2936C1982A4A6002B3086 /* PDCatalog.c */,
				E2E2936D1982A4A6002B3086 /* PDCatalog.h */,
				E2E293701982A4A6002B3086 /* PDContentStream.c */,
				E2E293711982A4A6002B3086 /* PDContentStream.h */,
				E2E293721982A4A6002B3086 /* PDContentStreamPrinter.c */,
				E2E293731982A4A6002B3086 /* PDContentStreamPrinter.h */,
				E2E293741982A4A6002B3086 /* PDContentStreamTextExtractor.c */,
				E2E293751982A4A6002B3086 /* PDContentStreamTextExtractor.h */,
				E2E293771982A4A6002B3086 /* PDDictionary.c */,
				E2E293781982A4A6002B3086 /* PDDictionary.h */,
				E2E293791982A4A6002B3086 /* PDEnv.c */,
				E2E2937A1982A4A6002B3086 /* PDEnv.h */,
				E2E2937B1982A4A6002B3086 /* PDNumber.c */,
				E2E2937C1982A4A6002B3086 /* PDNumber.h */,
				E2E2937D1982A4A6002B3086 /* PDObject.c */,
				E2E2937E1982A4A6002B3086 /* PDObject.h */,
				E2E2937F1982A4A6002B3086 /* PDObjectStream.c */,
				E2E293801982A4A6002B3086 /* PDObjectStream.h */,
				E2E293811982A4A6002B3086 /* PDOperator.c */,
				E2E293821982A4A6002B3086 /* PDOperator.h */,
				E2E293831982A4A6002B3086 /* PDPage.c */,
				E2E293841982A4A6002B3086 /* PDPage.h */,
				E2E293851982A4A6002B3086 /* PDParser.c */,
				E2E293861982A4A6002B3086 /* PDParser.h */,
				E2E293871982A4A6002B3086 /* PDParserAttachment.c */,
				E2E293881982A4A6002B3086 /* PDParserAttachment.h */,
				E2E293891982A4A6002B3086 /* PDPipe.c */,
				E2E2938A1982A4A6002B3086 /* PDPipe.h */,
				E2E2938B1982A4A6002B3086 /* PDReference.c */,
				E2E2938C1982A4A6002B3086 /* PDReference.h */,
				E2E2938D1982A4A6002B3086 /* PDScanner.c */,
				E2E2938E1982A4A6002B3086 /* PDScanner.h */,
				E2E2938F1982A4A6002B3086 /* PDSelection.c */,
				E2E293901982A4A6002B3086 /* PDSelection.h */,
				E2E293911982A4A6002B3086 /* PDSplayTree.c */,
				E2E293921982A4A6002B3086 /* PDSplayTree.h */,
				E2E293931982A4A6002B3086 /* PDState.c */,
				E2E293941982A4A6002B3086 /* PDState.h */,
				E2E293951982A4A6002B3086 /* PDStaticHash.c */,
				E2E293961982A4A6002B3086 /* PDStaticHash.h */,
				E2E293971982A4A6002B3086 /* PDStreamFilter.c */,
				E2E293981982A4A6002B3086 /* PDStreamFilter.h */,
				E2E293991982A4A6002B3086 /* PDStreamFilterFlateDecode.c */,
				E2E2939A1982A4A6002B3086 /* PDStreamFilterFlateDecode.h */,
				E2E2939B1982A4A6002B3086 /* PDStreamFilterPrediction.c */,
				E2E2939C1982A4A6002B3086 /* PDStreamFilterPrediction.h */,
				E2E2939D1982A4A6002B3086 /* PDString.c */,
				E2E2939E1982A4A6002B3086 /* PDString.h */,
				E2E2939F1982A4A6002B3086 /* PDTask.c */,
				E2E293A01982A4A6002B3086 /* PDTask.h */,
				E2E293A11982A4A6002B3086 /* PDTwinStream.c */,
				E2E293A21982A4A6002B3086 /* PDTwinStream.h */,
				E2E293A31982A4A6002B3086 /* PDType.c */,
				E2E293A41982A4A6002B3086 /* PDType.h */,
				E2E293A51982A4A6002B3086 /* PDXTable.c */,
				E2E293A61982A4A6002B3086 /* PDXTable.h */,
			);
			name = Source;
			path = ../../Pod/Source;
			sourceTree = "<group>";
		};
/* End PBXGroup section */

/* Begin PBXNativeTarget section */
		6003F589195388D20070C39A /* pajdeg */ = {
			isa = PBXNativeTarget;
			buildConfigurationList = 6003F5BF195388D20070C39A /* Build configuration list for PBXNativeTarget "pajdeg" */;
			buildPhases = (
				FEE53E0A544A41C1AA126DD6 /* Check Pods Manifest.lock */,
				6003F586195388D20070C39A /* Sources */,
				6003F587195388D20070C39A /* Frameworks */,
				6003F588195388D20070C39A /* Resources */,
				06AB39A38EC94BC89C0B5603 /* Copy Pods Resources */,
			);
			buildRules = (
			);
			dependencies = (
			);
			name = pajdeg;
			productName = pajdeg;
			productReference = 6003F58A195388D20070C39A /* pajdeg.app */;
			productType = "com.apple.product-type.application";
		};
		6003F5AD195388D20070C39A /* Tests */ = {
			isa = PBXNativeTarget;
			buildConfigurationList = 6003F5C2195388D20070C39A /* Build configuration list for PBXNativeTarget "Tests" */;
			buildPhases = (
				7318DC076A374493A8206FA4 /* Check Pods Manifest.lock */,
				6003F5AA195388D20070C39A /* Sources */,
				6003F5AB195388D20070C39A /* Frameworks */,
				6003F5AC195388D20070C39A /* Resources */,
				8919ED979D1F4158A119B093 /* Copy Pods Resources */,
			);
			buildRules = (
			);
			dependencies = (
				6003F5B4195388D20070C39A /* PBXTargetDependency */,
			);
			name = Tests;
			productName = pajdegTests;
			productReference = 6003F5AE195388D20070C39A /* Tests.xctest */;
			productType = "com.apple.product-type.bundle.unit-test";
		};
/* End PBXNativeTarget section */

/* Begin PBXProject section */
		6003F582195388D10070C39A /* Project object */ = {
			isa = PBXProject;
			attributes = {
				CLASSPREFIX = PD;
				LastUpgradeCheck = 0510;
				ORGANIZATIONNAME = "Kalle Alm";
				TargetAttributes = {
					6003F5AD195388D20070C39A = {
						TestTargetID = 6003F589195388D20070C39A;
					};
				};
			};
			buildConfigurationList = 6003F585195388D10070C39A /* Build configuration list for PBXProject "pajdeg" */;
			compatibilityVersion = "Xcode 3.2";
			developmentRegion = English;
			hasScannedForEncodings = 0;
			knownRegions = (
				en,
				Base,
			);
			mainGroup = 6003F581195388D10070C39A;
			productRefGroup = 6003F58B195388D20070C39A /* Products */;
			projectDirPath = "";
			projectRoot = "";
			targets = (
				6003F589195388D20070C39A /* pajdeg */,
				6003F5AD195388D20070C39A /* Tests */,
			);
		};
/* End PBXProject section */

/* Begin PBXResourcesBuildPhase section */
		6003F588195388D20070C39A /* Resources */ = {
			isa = PBXResourcesBuildPhase;
			buildActionMask = 2147483647;
			files = (
				6003F5A4195388D20070C39A /* Main_iPad.storyboard in Resources */,
				6003F5A9195388D20070C39A /* Images.xcassets in Resources */,
				6003F5A1195388D20070C39A /* Main_iPhone.storyboard in Resources */,
				6003F598195388D20070C39A /* InfoPlist.strings in Resources */,
			);
			runOnlyForDeploymentPostprocessing = 0;
		};
		6003F5AC195388D20070C39A /* Resources */ = {
			isa = PBXResourcesBuildPhase;
			buildActionMask = 2147483647;
			files = (
				E26BE0271984054800E8DB1C /* PDF14.pdf in Resources */,
				E26BE0281984054800E8DB1C /* PDF15.pdf in Resources */,
				E26BE02A1984054800E8DB1C /* Tagged.pdf in Resources */,
				E26BE02C1984054800E8DB1C /* Untagged.pdf in Resources */,
				E26BE0251984054800E8DB1C /* Korean.pdf in Resources */,
				E26BE0111984009300E8DB1C /* pxp.pdf in Resources */,
				E26BE0231984054800E8DB1C /* Forms.pdf in Resources */,
				E26BE0211984054800E8DB1C /* Chinese_simplified.pdf in Resources */,
				E26BE0241984054800E8DB1C /* Japanese.pdf in Resources */,
				E26BE0221984054800E8DB1C /* Chinese_traditional.pdf in Resources */,
				6003F5BA195388D20070C39A /* InfoPlist.strings in Resources */,
				E26BE0291984054800E8DB1C /* PDF16.pdf in Resources */,
				E26BE0261984054800E8DB1C /* PDF13.pdf in Resources */,
				E26BE02B1984054800E8DB1C /* TouchUp.pdf in Resources */,
				E26BE00F1983EEA800E8DB1C /* test123.pdf in Resources */,
				E26BE0201984054800E8DB1C /* Capture.pdf in Resources */,
			);
			runOnlyForDeploymentPostprocessing = 0;
		};
/* End PBXResourcesBuildPhase section */

/* Begin PBXShellScriptBuildPhase section */
		06AB39A38EC94BC89C0B5603 /* Copy Pods Resources */ = {
			isa = PBXShellScriptBuildPhase;
			buildActionMask = 2147483647;
			files = (
			);
			inputPaths = (
			);
			name = "Copy Pods Resources";
			outputPaths = (
			);
			runOnlyForDeploymentPostprocessing = 0;
			shellPath = /bin/sh;
			shellScript = "\"${SRCROOT}/Pods/Target Support Files/Pods-pajdeg/Pods-pajdeg-resources.sh\"\n";
			showEnvVarsInLog = 0;
		};
		7318DC076A374493A8206FA4 /* Check Pods Manifest.lock */ = {
			isa = PBXShellScriptBuildPhase;
			buildActionMask = 2147483647;
			files = (
			);
			inputPaths = (
			);
			name = "Check Pods Manifest.lock";
			outputPaths = (
			);
			runOnlyForDeploymentPostprocessing = 0;
			shellPath = /bin/sh;
			shellScript = "diff \"${PODS_ROOT}/../Podfile.lock\" \"${PODS_ROOT}/Manifest.lock\" > /dev/null\nif [[ $? != 0 ]] ; then\n    cat << EOM\nerror: The sandbox is not in sync with the Podfile.lock. Run 'pod install' or update your CocoaPods installation.\nEOM\n    exit 1\nfi\n";
			showEnvVarsInLog = 0;
		};
		8919ED979D1F4158A119B093 /* Copy Pods Resources */ = {
			isa = PBXShellScriptBuildPhase;
			buildActionMask = 2147483647;
			files = (
			);
			inputPaths = (
			);
			name = "Copy Pods Resources";
			outputPaths = (
			);
			runOnlyForDeploymentPostprocessing = 0;
			shellPath = /bin/sh;
			shellScript = "\"${SRCROOT}/Pods/Target Support Files/Pods-Tests/Pods-Tests-resources.sh\"\n";
			showEnvVarsInLog = 0;
		};
		FEE53E0A544A41C1AA126DD6 /* Check Pods Manifest.lock */ = {
			isa = PBXShellScriptBuildPhase;
			buildActionMask = 2147483647;
			files = (
			);
			inputPaths = (
			);
			name = "Check Pods Manifest.lock";
			outputPaths = (
			);
			runOnlyForDeploymentPostprocessing = 0;
			shellPath = /bin/sh;
			shellScript = "diff \"${PODS_ROOT}/../Podfile.lock\" \"${PODS_ROOT}/Manifest.lock\" > /dev/null\nif [[ $? != 0 ]] ; then\n    cat << EOM\nerror: The sandbox is not in sync with the Podfile.lock. Run 'pod install' or update your CocoaPods installation.\nEOM\n    exit 1\nfi\n";
			showEnvVarsInLog = 0;
		};
/* End PBXShellScriptBuildPhase section */

/* Begin PBXSourcesBuildPhase section */
		6003F586195388D20070C39A /* Sources */ = {
			isa = PBXSourcesBuildPhase;
			buildActionMask = 2147483647;
			files = (
				E2E293C91982A4A6002B3086 /* PDStreamFilterFlateDecode.c in Sources */,
				E2E293C11982A4A6002B3086 /* PDPipe.c in Sources */,
				6003F59E195388D20070C39A /* PDAppDelegate.m in Sources */,
				E2E293B21982A4A6002B3086 /* PDArray.c in Sources */,
				E2E293B91982A4A6002B3086 /* PDEnv.c in Sources */,
				E2E293CB1982A4A6002B3086 /* PDString.c in Sources */,
				E2E293B11982A4A6002B3086 /* pd_stack.c in Sources */,
				E2E293CE1982A4A6002B3086 /* PDType.c in Sources */,
				E2E293AF1982A4A6002B3086 /* pd_md5.c in Sources */,
				E2E293C51982A4A6002B3086 /* PDSplayTree.c in Sources */,
				E2E293BA1982A4A6002B3086 /* PDNumber.c in Sources */,
				E2E293B51982A4A6002B3086 /* PDContentStream.c in Sources */,
				E2E293B01982A4A6002B3086 /* pd_pdf_implementation.c in Sources */,
				E2E293BC1982A4A6002B3086 /* PDObjectStream.c in Sources */,
				E2E293BB1982A4A6002B3086 /* PDObject.c in Sources */,
				E2E293CC1982A4A6002B3086 /* PDTask.c in Sources */,
				E2E293C81982A4A6002B3086 /* PDStreamFilter.c in Sources */,
				E2E293BF1982A4A6002B3086 /* PDParser.c in Sources */,
				E2E293C31982A4A6002B3086 /* PDScanner.c in Sources */,
				6003F5A7195388D20070C39A /* PDViewController.m in Sources */,
				E2E293BE1982A4A6002B3086 /* PDPage.c in Sources */,
				E2E293C61982A4A6002B3086 /* PDState.c in Sources */,
				E2E293AE1982A4A6002B3086 /* pd_crypto.c in Sources */,
				E2E293AD1982A4A6002B3086 /* pd_aes256.c in Sources */,
				E2E293B71982A4A6002B3086 /* PDContentStreamTextExtractor.c in Sources */,
				E2E293C21982A4A6002B3086 /* PDReference.c in Sources */,
				E2E293B81982A4A6002B3086 /* PDDictionary.c in Sources */,
				E2E293CD1982A4A6002B3086 /* PDTwinStream.c in Sources */,
				E2E293CA1982A4A6002B3086 /* PDStreamFilterPrediction.c in Sources */,
				E2E293B61982A4A6002B3086 /* PDContentStreamPrinter.c in Sources */,
				E2E293BD1982A4A6002B3086 /* PDOperator.c in Sources */,
				6003F59A195388D20070C39A /* main.m in Sources */,
				E2E293C01982A4A6002B3086 /* PDParserAttachment.c in Sources */,
				E2E293B31982A4A6002B3086 /* PDCatalog.c in Sources */,
				E2E293C41982A4A6002B3086 /* PDSelection.c in Sources */,
				E2E293C71982A4A6002B3086 /* PDStaticHash.c in Sources */,
				E2E293CF1982A4A6002B3086 /* PDXTable.c in Sources */,
			);
			runOnlyForDeploymentPostprocessing = 0;
		};
		6003F5AA195388D20070C39A /* Sources */ = {
			isa = PBXSourcesBuildPhase;
			buildActionMask = 2147483647;
			files = (
				E2CE51AA1A221D3F00D5D1F5 /* PDDictionaryTests.m in Sources */,
				E2E293D31982BD34002B3086 /* PDTypeTests.m in Sources */,
				6003F5BC195388D20070C39A /* Tests.m in Sources */,
				E2E293521982A426002B3086 /* PDTreeTests.m in Sources */,
			);
			runOnlyForDeploymentPostprocessing = 0;
		};
/* End PBXSourcesBuildPhase section */

/* Begin PBXTargetDependency section */
		6003F5B4195388D20070C39A /* PBXTargetDependency */ = {
			isa = PBXTargetDependency;
			target = 6003F589195388D20070C39A /* pajdeg */;
			targetProxy = 6003F5B3195388D20070C39A /* PBXContainerItemProxy */;
		};
/* End PBXTargetDependency section */

/* Begin PBXVariantGroup section */
		6003F596195388D20070C39A /* InfoPlist.strings */ = {
			isa = PBXVariantGroup;
			children = (
				6003F597195388D20070C39A /* en */,
			);
			name = InfoPlist.strings;
			sourceTree = "<group>";
		};
		6003F59F195388D20070C39A /* Main_iPhone.storyboard */ = {
			isa = PBXVariantGroup;
			children = (
				6003F5A0195388D20070C39A /* Base */,
			);
			name = Main_iPhone.storyboard;
			sourceTree = "<group>";
		};
		6003F5A2195388D20070C39A /* Main_iPad.storyboard */ = {
			isa = PBXVariantGroup;
			children = (
				6003F5A3195388D20070C39A /* Base */,
			);
			name = Main_iPad.storyboard;
			sourceTree = "<group>";
		};
		6003F5B8195388D20070C39A /* InfoPlist.strings */ = {
			isa = PBXVariantGroup;
			children = (
				6003F5B9195388D20070C39A /* en */,
			);
			name = InfoPlist.strings;
			sourceTree = "<group>";
		};
/* End PBXVariantGroup section */

/* Begin XCBuildConfiguration section */
		6003F5BD195388D20070C39A /* Debug */ = {
			isa = XCBuildConfiguration;
			buildSettings = {
				ALWAYS_SEARCH_USER_PATHS = NO;
				CLANG_CXX_LANGUAGE_STANDARD = "gnu++0x";
				CLANG_CXX_LIBRARY = "libc++";
				CLANG_ENABLE_MODULES = YES;
				CLANG_ENABLE_OBJC_ARC = YES;
				CLANG_WARN_BOOL_CONVERSION = YES;
				CLANG_WARN_CONSTANT_CONVERSION = YES;
				CLANG_WARN_DIRECT_OBJC_ISA_USAGE = YES_ERROR;
				CLANG_WARN_EMPTY_BODY = YES;
				CLANG_WARN_ENUM_CONVERSION = YES;
				CLANG_WARN_INT_CONVERSION = YES;
				CLANG_WARN_OBJC_ROOT_CLASS = YES_ERROR;
				CLANG_WARN__DUPLICATE_METHOD_MATCH = YES;
				"CODE_SIGN_IDENTITY[sdk=iphoneos*]" = "iPhone Developer";
				COPY_PHASE_STRIP = NO;
				GCC_C_LANGUAGE_STANDARD = gnu99;
				GCC_DYNAMIC_NO_PIC = NO;
				GCC_OPTIMIZATION_LEVEL = 0;
				GCC_PREPROCESSOR_DEFINITIONS = (
					"DEBUG=1",
					"$(inherited)",
				);
				GCC_SYMBOLS_PRIVATE_EXTERN = NO;
				GCC_WARN_64_TO_32_BIT_CONVERSION = YES;
				GCC_WARN_ABOUT_RETURN_TYPE = YES_ERROR;
				GCC_WARN_UNDECLARED_SELECTOR = YES;
				GCC_WARN_UNINITIALIZED_AUTOS = YES_AGGRESSIVE;
				GCC_WARN_UNUSED_FUNCTION = YES;
				GCC_WARN_UNUSED_VARIABLE = YES;
				IPHONEOS_DEPLOYMENT_TARGET = 7.1;
				ONLY_ACTIVE_ARCH = YES;
				SDKROOT = iphoneos;
				TARGETED_DEVICE_FAMILY = "1,2";
			};
			name = Debug;
		};
		6003F5BE195388D20070C39A /* Release */ = {
			isa = XCBuildConfiguration;
			buildSettings = {
				ALWAYS_SEARCH_USER_PATHS = NO;
				CLANG_CXX_LANGUAGE_STANDARD = "gnu++0x";
				CLANG_CXX_LIBRARY = "libc++";
				CLANG_ENABLE_MODULES = YES;
				CLANG_ENABLE_OBJC_ARC = YES;
				CLANG_WARN_BOOL_CONVERSION = YES;
				CLANG_WARN_CONSTANT_CONVERSION = YES;
				CLANG_WARN_DIRECT_OBJC_ISA_USAGE = YES_ERROR;
				CLANG_WARN_EMPTY_BODY = YES;
				CLANG_WARN_ENUM_CONVERSION = YES;
				CLANG_WARN_INT_CONVERSION = YES;
				CLANG_WARN_OBJC_ROOT_CLASS = YES_ERROR;
				CLANG_WARN__DUPLICATE_METHOD_MATCH = YES;
				"CODE_SIGN_IDENTITY[sdk=iphoneos*]" = "iPhone Developer";
				COPY_PHASE_STRIP = YES;
				ENABLE_NS_ASSERTIONS = NO;
				GCC_C_LANGUAGE_STANDARD = gnu99;
				GCC_WARN_64_TO_32_BIT_CONVERSION = YES;
				GCC_WARN_ABOUT_RETURN_TYPE = YES_ERROR;
				GCC_WARN_UNDECLARED_SELECTOR = YES;
				GCC_WARN_UNINITIALIZED_AUTOS = YES_AGGRESSIVE;
				GCC_WARN_UNUSED_FUNCTION = YES;
				GCC_WARN_UNUSED_VARIABLE = YES;
				IPHONEOS_DEPLOYMENT_TARGET = 7.1;
				SDKROOT = iphoneos;
				TARGETED_DEVICE_FAMILY = "1,2";
				VALIDATE_PRODUCT = YES;
			};
			name = Release;
		};
		6003F5C0195388D20070C39A /* Debug */ = {
			isa = XCBuildConfiguration;
			baseConfigurationReference = 60FB6418EC21A931106C92C6 /* Pods-pajdeg.debug.xcconfig */;
			buildSettings = {
				ASSETCATALOG_COMPILER_APPICON_NAME = AppIcon;
				ASSETCATALOG_COMPILER_LAUNCHIMAGE_NAME = LaunchImage;
				GCC_PRECOMPILE_PREFIX_HEADER = YES;
				GCC_PREFIX_HEADER = "pajdeg/pajdeg-Prefix.pch";
				INFOPLIST_FILE = "pajdeg/pajdeg-Info.plist";
				PRODUCT_NAME = "$(TARGET_NAME)";
				WRAPPER_EXTENSION = app;
			};
			name = Debug;
		};
		6003F5C1195388D20070C39A /* Release */ = {
			isa = XCBuildConfiguration;
			baseConfigurationReference = 930C4FA2DD92D1B5F5A8483A /* Pods-pajdeg.release.xcconfig */;
			buildSettings = {
				ASSETCATALOG_COMPILER_APPICON_NAME = AppIcon;
				ASSETCATALOG_COMPILER_LAUNCHIMAGE_NAME = LaunchImage;
				GCC_PRECOMPILE_PREFIX_HEADER = YES;
				GCC_PREFIX_HEADER = "pajdeg/pajdeg-Prefix.pch";
				INFOPLIST_FILE = "pajdeg/pajdeg-Info.plist";
				PRODUCT_NAME = "$(TARGET_NAME)";
				WRAPPER_EXTENSION = app;
			};
			name = Release;
		};
		6003F5C3195388D20070C39A /* Debug */ = {
			isa = XCBuildConfiguration;
			baseConfigurationReference = 8B9E44DE8D9097983828BF2D /* Pods-Tests.debug.xcconfig */;
			buildSettings = {
				BUNDLE_LOADER = "$(BUILT_PRODUCTS_DIR)/pajdeg.app/pajdeg";
				FRAMEWORK_SEARCH_PATHS = (
					"$(SDKROOT)/Developer/Library/Frameworks",
					"$(inherited)",
					"$(DEVELOPER_FRAMEWORKS_DIR)",
					"$(PLATFORM_DIR)/Developer/Library/Frameworks",
				);
				GCC_PRECOMPILE_PREFIX_HEADER = YES;
				GCC_PREFIX_HEADER = "Tests/Tests-Prefix.pch";
				GCC_PREPROCESSOR_DEFINITIONS = (
					"DEBUG=1",
					"$(inherited)",
				);
				INFOPLIST_FILE = "Tests/Tests-Info.plist";
				PRODUCT_NAME = "$(TARGET_NAME)";
				TEST_HOST = "$(BUNDLE_LOADER)";
				WRAPPER_EXTENSION = xctest;
			};
			name = Debug;
		};
		6003F5C4195388D20070C39A /* Release */ = {
			isa = XCBuildConfiguration;
			baseConfigurationReference = 07879C3E819FFFAD3208F8C0 /* Pods-Tests.release.xcconfig */;
			buildSettings = {
				BUNDLE_LOADER = "$(BUILT_PRODUCTS_DIR)/pajdeg.app/pajdeg";
				FRAMEWORK_SEARCH_PATHS = (
					"$(SDKROOT)/Developer/Library/Frameworks",
					"$(inherited)",
					"$(DEVELOPER_FRAMEWORKS_DIR)",
					"$(PLATFORM_DIR)/Developer/Library/Frameworks",
				);
				GCC_PRECOMPILE_PREFIX_HEADER = YES;
				GCC_PREFIX_HEADER = "Tests/Tests-Prefix.pch";
				INFOPLIST_FILE = "Tests/Tests-Info.plist";
				PRODUCT_NAME = "$(TARGET_NAME)";
				TEST_HOST = "$(BUNDLE_LOADER)";
				WRAPPER_EXTENSION = xctest;
			};
			name = Release;
		};
/* End XCBuildConfiguration section */

/* Begin XCConfigurationList section */
		6003F585195388D10070C39A /* Build configuration list for PBXProject "pajdeg" */ = {
			isa = XCConfigurationList;
			buildConfigurations = (
				6003F5BD195388D20070C39A /* Debug */,
				6003F5BE195388D20070C39A /* Release */,
			);
			defaultConfigurationIsVisible = 0;
			defaultConfigurationName = Release;
		};
		6003F5BF195388D20070C39A /* Build configuration list for PBXNativeTarget "pajdeg" */ = {
			isa = XCConfigurationList;
			buildConfigurations = (
				6003F5C0195388D20070C39A /* Debug */,
				6003F5C1195388D20070C39A /* Release */,
			);
			defaultConfigurationIsVisible = 0;
			defaultConfigurationName = Release;
		};
		6003F5C2195388D20070C39A /* Build configuration list for PBXNativeTarget "Tests" */ = {
			isa = XCConfigurationList;
			buildConfigurations = (
				6003F5C3195388D20070C39A /* Debug */,
				6003F5C4195388D20070C39A /* Release */,
			);
			defaultConfigurationIsVisible = 0;
			defaultConfigurationName = Release;
		};
/* End XCConfigurationList section */
	};
	rootObject = 6003F582195388D10070C39A /* Project object */;
}
